// !$*UTF8*$!
{
	archiveVersion = 1;
	classes = {
	};
	objectVersion = 46;
	objects = {

/* Begin PBXBuildFile section */
		962C459D1EFBAF30003C3D4E /* main.m in Sources */ = {isa = PBXBuildFile; fileRef = 962C459C1EFBAF30003C3D4E /* main.m */; };
		962C45A01EFBAF30003C3D4E /* AppDelegate.m in Sources */ = {isa = PBXBuildFile; fileRef = 962C459F1EFBAF30003C3D4E /* AppDelegate.m */; };
		962C45A31EFBAF30003C3D4E /* ViewController.m in Sources */ = {isa = PBXBuildFile; fileRef = 962C45A21EFBAF30003C3D4E /* ViewController.m */; };
		962C45A61EFBAF30003C3D4E /* Main.storyboard in Resources */ = {isa = PBXBuildFile; fileRef = 962C45A41EFBAF30003C3D4E /* Main.storyboard */; };
		962C45A81EFBAF30003C3D4E /* Assets.xcassets in Resources */ = {isa = PBXBuildFile; fileRef = 962C45A71EFBAF30003C3D4E /* Assets.xcassets */; };
		962C45AB1EFBAF30003C3D4E /* LaunchScreen.storyboard in Resources */ = {isa = PBXBuildFile; fileRef = 962C45A91EFBAF30003C3D4E /* LaunchScreen.storyboard */; };
		962C45BC1EFBAF53003C3D4E /* UIDevice+XJDevice.m in Sources */ = {isa = PBXBuildFile; fileRef = 962C45B61EFBAF53003C3D4E /* UIDevice+XJDevice.m */; };
		962C45BD1EFBAF53003C3D4E /* VideoPlayView.m in Sources */ = {isa = PBXBuildFile; fileRef = 962C45B81EFBAF53003C3D4E /* VideoPlayView.m */; };
		962C45BE1EFBAF53003C3D4E /* VideoPlayView.xib in Resources */ = {isa = PBXBuildFile; fileRef = 962C45B91EFBAF53003C3D4E /* VideoPlayView.xib */; };
		962C45C11EFBAFCC003C3D4E /* libz.tbd in Frameworks */ = {isa = PBXBuildFile; fileRef = 962C45C01EFBAFCC003C3D4E /* libz.tbd */; };
/* End PBXBuildFile section */

/* Begin PBXFileReference section */
		962C45981EFBAF30003C3D4E /* IJKPlayer.app */ = {isa = PBXFileReference; explicitFileType = wrapper.application; includeInIndex = 0; path = IJKPlayer.app; sourceTree = BUILT_PRODUCTS_DIR; };
		962C459C1EFBAF30003C3D4E /* main.m */ = {isa = PBXFileReference; lastKnownFileType = sourcecode.c.objc; path = main.m; sourceTree = "<group>"; };
		962C459E1EFBAF30003C3D4E /* AppDelegate.h */ = {isa = PBXFileReference; lastKnownFileType = sourcecode.c.h; path = AppDelegate.h; sourceTree = "<group>"; };
		962C459F1EFBAF30003C3D4E /* AppDelegate.m */ = {isa = PBXFileReference; lastKnownFileType = sourcecode.c.objc; path = AppDelegate.m; sourceTree = "<group>"; };
		962C45A11EFBAF30003C3D4E /* ViewController.h */ = {isa = PBXFileReference; lastKnownFileType = sourcecode.c.h; path = ViewController.h; sourceTree = "<group>"; };
		962C45A21EFBAF30003C3D4E /* ViewController.m */ = {isa = PBXFileReference; lastKnownFileType = sourcecode.c.objc; path = ViewController.m; sourceTree = "<group>"; };
		962C45A51EFBAF30003C3D4E /* Base */ = {isa = PBXFileReference; lastKnownFileType = file.storyboard; name = Base; path = Base.lproj/Main.storyboard; sourceTree = "<group>"; };
		962C45A71EFBAF30003C3D4E /* Assets.xcassets */ = {isa = PBXFileReference; lastKnownFileType = folder.assetcatalog; path = Assets.xcassets; sourceTree = "<group>"; };
		962C45AA1EFBAF30003C3D4E /* Base */ = {isa = PBXFileReference; lastKnownFileType = file.storyboard; name = Base; path = Base.lproj/LaunchScreen.storyboard; sourceTree = "<group>"; };
		962C45AC1EFBAF30003C3D4E /* Info.plist */ = {isa = PBXFileReference; lastKnownFileType = text.plist.xml; path = Info.plist; sourceTree = "<group>"; };
		962C45B51EFBAF53003C3D4E /* UIDevice+XJDevice.h */ = {isa = PBXFileReference; fileEncoding = 4; lastKnownFileType = sourcecode.c.h; path = "UIDevice+XJDevice.h"; sourceTree = "<group>"; };
		962C45B61EFBAF53003C3D4E /* UIDevice+XJDevice.m */ = {isa = PBXFileReference; fileEncoding = 4; lastKnownFileType = sourcecode.c.objc; path = "UIDevice+XJDevice.m"; sourceTree = "<group>"; };
		962C45B71EFBAF53003C3D4E /* VideoPlayView.h */ = {isa = PBXFileReference; fileEncoding = 4; lastKnownFileType = sourcecode.c.h; path = VideoPlayView.h; sourceTree = "<group>"; };
		962C45B81EFBAF53003C3D4E /* VideoPlayView.m */ = {isa = PBXFileReference; fileEncoding = 4; lastKnownFileType = sourcecode.c.objc; path = VideoPlayView.m; sourceTree = "<group>"; };
		962C45B91EFBAF53003C3D4E /* VideoPlayView.xib */ = {isa = PBXFileReference; fileEncoding = 4; lastKnownFileType = file.xib; path = VideoPlayView.xib; sourceTree = "<group>"; };
		962C45C01EFBAFCC003C3D4E /* libz.tbd */ = {isa = PBXFileReference; lastKnownFileType = "sourcecode.text-based-dylib-definition"; name = libz.tbd; path = usr/lib/libz.tbd; sourceTree = SDKROOT; };
/* End PBXFileReference section */

/* Begin PBXFrameworksBuildPhase section */
		962C45951EFBAF30003C3D4E /* Frameworks */ = {
			isa = PBXFrameworksBuildPhase;
			buildActionMask = 2147483647;
			files = (
				962C45C11EFBAFCC003C3D4E /* libz.tbd in Frameworks */,
			);
			runOnlyForDeploymentPostprocessing = 0;
		};
/* End PBXFrameworksBuildPhase section */

/* Begin PBXGroup section */
		962C458F1EFBAF30003C3D4E = {
			isa = PBXGroup;
			children = (
				962C459A1EFBAF30003C3D4E /* IJKPlayer */,
				962C45991EFBAF30003C3D4E /* Products */,
				962C45BF1EFBAFCC003C3D4E /* Frameworks */,
			);
			sourceTree = "<group>";
		};
		962C45991EFBAF30003C3D4E /* Products */ = {
			isa = PBXGroup;
			children = (
				962C45981EFBAF30003C3D4E /* IJKPlayer.app */,
			);
			name = Products;
			sourceTree = "<group>";
		};
		962C459A1EFBAF30003C3D4E /* IJKPlayer */ = {
			isa = PBXGroup;
			children = (
				962C45B21EFBAF53003C3D4E /* IJK播放器 */,
				962C459E1EFBAF30003C3D4E /* AppDelegate.h */,
				962C459F1EFBAF30003C3D4E /* AppDelegate.m */,
				962C45A11EFBAF30003C3D4E /* ViewController.h */,
				962C45A21EFBAF30003C3D4E /* ViewController.m */,
				962C45A41EFBAF30003C3D4E /* Main.storyboard */,
				962C45A71EFBAF30003C3D4E /* Assets.xcassets */,
				962C45A91EFBAF30003C3D4E /* LaunchScreen.storyboard */,
				962C45AC1EFBAF30003C3D4E /* Info.plist */,
				962C459B1EFBAF30003C3D4E /* Supporting Files */,
			);
			path = IJKPlayer;
			sourceTree = "<group>";
		};
		962C459B1EFBAF30003C3D4E /* Supporting Files */ = {
			isa = PBXGroup;
			children = (
				962C459C1EFBAF30003C3D4E /* main.m */,
			);
			name = "Supporting Files";
			sourceTree = "<group>";
		};
		962C45B21EFBAF53003C3D4E /* IJK播放器 */ = {
			isa = PBXGroup;
			children = (
				962C45B51EFBAF53003C3D4E /* UIDevice+XJDevice.h */,
				962C45B61EFBAF53003C3D4E /* UIDevice+XJDevice.m */,
				962C45B71EFBAF53003C3D4E /* VideoPlayView.h */,
				962C45B81EFBAF53003C3D4E /* VideoPlayView.m */,
				962C45B91EFBAF53003C3D4E /* VideoPlayView.xib */,
			);
			path = "IJK播放器";
			sourceTree = "<group>";
		};
		962C45BF1EFBAFCC003C3D4E /* Frameworks */ = {
			isa = PBXGroup;
			children = (
				962C45C01EFBAFCC003C3D4E /* libz.tbd */,
			);
			name = Frameworks;
			sourceTree = "<group>";
		};
/* End PBXGroup section */

/* Begin PBXNativeTarget section */
		962C45971EFBAF30003C3D4E /* IJKPlayer */ = {
			isa = PBXNativeTarget;
			buildConfigurationList = 962C45AF1EFBAF30003C3D4E /* Build configuration list for PBXNativeTarget "IJKPlayer" */;
			buildPhases = (
				962C45941EFBAF30003C3D4E /* Sources */,
				962C45951EFBAF30003C3D4E /* Frameworks */,
				962C45961EFBAF30003C3D4E /* Resources */,
			);
			buildRules = (
			);
			dependencies = (
			);
			name = IJKPlayer;
			productName = IJKPlayer;
			productReference = 962C45981EFBAF30003C3D4E /* IJKPlayer.app */;
			productType = "com.apple.product-type.application";
		};
/* End PBXNativeTarget section */

/* Begin PBXProject section */
		962C45901EFBAF30003C3D4E /* Project object */ = {
			isa = PBXProject;
			attributes = {
				LastUpgradeCheck = 0830;
				ORGANIZATIONNAME = g;
				TargetAttributes = {
					962C45971EFBAF30003C3D4E = {
						CreatedOnToolsVersion = 8.3.2;
						ProvisioningStyle = Automatic;
					};
				};
			};
			buildConfigurationList = 962C45931EFBAF30003C3D4E /* Build configuration list for PBXProject "IJKPlayer" */;
			compatibilityVersion = "Xcode 3.2";
			developmentRegion = English;
			hasScannedForEncodings = 0;
			knownRegions = (
				en,
				Base,
			);
			mainGroup = 962C458F1EFBAF30003C3D4E;
			productRefGroup = 962C45991EFBAF30003C3D4E /* Products */;
			projectDirPath = "";
			projectRoot = "";
			targets = (
				962C45971EFBAF30003C3D4E /* IJKPlayer */,
			);
		};
/* End PBXProject section */

/* Begin PBXResourcesBuildPhase section */
		962C45961EFBAF30003C3D4E /* Resources */ = {
			isa = PBXResourcesBuildPhase;
			buildActionMask = 2147483647;
			files = (
				962C45AB1EFBAF30003C3D4E /* LaunchScreen.storyboard in Resources */,
				962C45A81EFBAF30003C3D4E /* Assets.xcassets in Resources */,
				962C45BE1EFBAF53003C3D4E /* VideoPlayView.xib in Resources */,
				962C45A61EFBAF30003C3D4E /* Main.storyboard in Resources */,
			);
			runOnlyForDeploymentPostprocessing = 0;
		};
/* End PBXResourcesBuildPhase section */

/* Begin PBXSourcesBuildPhase section */
		962C45941EFBAF30003C3D4E /* Sources */ = {
			isa = PBXSourcesBuildPhase;
			buildActionMask = 2147483647;
			files = (
				962C45A31EFBAF30003C3D4E /* ViewController.m in Sources */,
				962C45BD1EFBAF53003C3D4E /* VideoPlayView.m in Sources */,
				962C45BC1EFBAF53003C3D4E /* UIDevice+XJDevice.m in Sources */,
				962C45A01EFBAF30003C3D4E /* AppDelegate.m in Sources */,
				962C459D1EFBAF30003C3D4E /* main.m in Sources */,
			);
			runOnlyForDeploymentPostprocessing = 0;
		};
/* End PBXSourcesBuildPhase section */

/* Begin PBXVariantGroup section */
		962C45A41EFBAF30003C3D4E /* Main.storyboard */ = {
			isa = PBXVariantGroup;
			children = (
				962C45A51EFBAF30003C3D4E /* Base */,
			);
			name = Main.storyboard;
			sourceTree = "<group>";
		};
		962C45A91EFBAF30003C3D4E /* LaunchScreen.storyboard */ = {
			isa = PBXVariantGroup;
			children = (
				962C45AA1EFBAF30003C3D4E /* Base */,
			);
			name = LaunchScreen.storyboard;
			sourceTree = "<group>";
		};
/* End PBXVariantGroup section */

/* Begin XCBuildConfiguration section */
		962C45AD1EFBAF30003C3D4E /* Debug */ = {
			isa = XCBuildConfiguration;
			buildSettings = {
				ALWAYS_SEARCH_USER_PATHS = NO;
				CLANG_ANALYZER_NONNULL = YES;
				CLANG_ANALYZER_NUMBER_OBJECT_CONVERSION = YES_AGGRESSIVE;
				CLANG_CXX_LANGUAGE_STANDARD = "gnu++0x";
				CLANG_CXX_LIBRARY = "libc++";
				CLANG_ENABLE_MODULES = YES;
				CLANG_ENABLE_OBJC_ARC = YES;
				CLANG_WARN_BOOL_CONVERSION = YES;
				CLANG_WARN_CONSTANT_CONVERSION = YES;
				CLANG_WARN_DIRECT_OBJC_ISA_USAGE = YES_ERROR;
				CLANG_WARN_DOCUMENTATION_COMMENTS = YES;
				CLANG_WARN_EMPTY_BODY = YES;
				CLANG_WARN_ENUM_CONVERSION = YES;
				CLANG_WARN_INFINITE_RECURSION = YES;
				CLANG_WARN_INT_CONVERSION = YES;
				CLANG_WARN_OBJC_ROOT_CLASS = YES_ERROR;
				CLANG_WARN_SUSPICIOUS_MOVE = YES;
				CLANG_WARN_UNREACHABLE_CODE = YES;
				CLANG_WARN__DUPLICATE_METHOD_MATCH = YES;
				"CODE_SIGN_IDENTITY[sdk=iphoneos*]" = "iPhone Developer";
				COPY_PHASE_STRIP = NO;
				DEBUG_INFORMATION_FORMAT = dwarf;
				ENABLE_STRICT_OBJC_MSGSEND = YES;
				ENABLE_TESTABILITY = YES;
				GCC_C_LANGUAGE_STANDARD = gnu99;
				GCC_DYNAMIC_NO_PIC = NO;
				GCC_NO_COMMON_BLOCKS = YES;
				GCC_OPTIMIZATION_LEVEL = 0;
				GCC_PREPROCESSOR_DEFINITIONS = (
					"DEBUG=1",
					"$(inherited)",
				);
				GCC_WARN_64_TO_32_BIT_CONVERSION = YES;
				GCC_WARN_ABOUT_RETURN_TYPE = YES_ERROR;
				GCC_WARN_UNDECLARED_SELECTOR = YES;
				GCC_WARN_UNINITIALIZED_AUTOS = YES_AGGRESSIVE;
				GCC_WARN_UNUSED_FUNCTION = YES;
				GCC_WARN_UNUSED_VARIABLE = YES;
				IPHONEOS_DEPLOYMENT_TARGET = 10.3;
				MTL_ENABLE_DEBUG_INFO = YES;
				ONLY_ACTIVE_ARCH = YES;
				SDKROOT = iphoneos;
			};
			name = Debug;
		};
		962C45AE1EFBAF30003C3D4E /* Release */ = {
			isa = XCBuildConfiguration;
			buildSettings = {
				ALWAYS_SEARCH_USER_PATHS = NO;
				CLANG_ANALYZER_NONNULL = YES;
				CLANG_ANALYZER_NUMBER_OBJECT_CONVERSION = YES_AGGRESSIVE;
				CLANG_CXX_LANGUAGE_STANDARD = "gnu++0x";
				CLANG_CXX_LIBRARY = "libc++";
				CLANG_ENABLE_MODULES = YES;
				CLANG_ENABLE_OBJC_ARC = YES;
				CLANG_WARN_BOOL_CONVERSION = YES;
				CLANG_WARN_CONSTANT_CONVERSION = YES;
				CLANG_WARN_DIRECT_OBJC_ISA_USAGE = YES_ERROR;
				CLANG_WARN_DOCUMENTATION_COMMENTS = YES;
				CLANG_WARN_EMPTY_BODY = YES;
				CLANG_WARN_ENUM_CONVERSION = YES;
				CLANG_WARN_INFINITE_RECURSION = YES;
				CLANG_WARN_INT_CONVERSION = YES;
				CLANG_WARN_OBJC_ROOT_CLASS = YES_ERROR;
				CLANG_WARN_SUSPICIOUS_MOVE = YES;
				CLANG_WARN_UNREACHABLE_CODE = YES;
				CLANG_WARN__DUPLICATE_METHOD_MATCH = YES;
				"CODE_SIGN_IDENTITY[sdk=iphoneos*]" = "iPhone Developer";
				COPY_PHASE_STRIP = NO;
				DEBUG_INFORMATION_FORMAT = "dwarf-with-dsym";
				ENABLE_NS_ASSERTIONS = NO;
				ENABLE_STRICT_OBJC_MSGSEND = YES;
				GCC_C_LANGUAGE_STANDARD = gnu99;
				GCC_NO_COMMON_BLOCKS = YES;
				GCC_WARN_64_TO_32_BIT_CONVERSION = YES;
				GCC_WARN_ABOUT_RETURN_TYPE = YES_ERROR;
				GCC_WARN_UNDECLARED_SELECTOR = YES;
				GCC_WARN_UNINITIALIZED_AUTOS = YES_AGGRESSIVE;
				GCC_WARN_UNUSED_FUNCTION = YES;
				GCC_WARN_UNUSED_VARIABLE = YES;
				IPHONEOS_DEPLOYMENT_TARGET = 10.3;
				MTL_ENABLE_DEBUG_INFO = NO;
				SDKROOT = iphoneos;
				VALIDATE_PRODUCT = YES;
			};
			name = Release;
		};
		962C45B01EFBAF30003C3D4E /* Debug */ = {
			isa = XCBuildConfiguration;
			buildSettings = {
				ASSETCATALOG_COMPILER_APPICON_NAME = AppIcon;
				FRAMEWORK_SEARCH_PATHS = (
					"$(inherited)",
					"$(PROJECT_DIR)/IJKPlayer/IJK播放器",
				);
				INFOPLIST_FILE = IJKPlayer/Info.plist;
				LD_RUNPATH_SEARCH_PATHS = "$(inherited) @executable_path/Frameworks";
				PRODUCT_BUNDLE_IDENTIFIER = g.IJKPlayer;
				PRODUCT_NAME = "$(TARGET_NAME)";
			};
			name = Debug;
		};
		962C45B11EFBAF30003C3D4E /* Release */ = {
			isa = XCBuildConfiguration;
			buildSettings = {
				ASSETCATALOG_COMPILER_APPICON_NAME = AppIcon;
				FRAMEWORK_SEARCH_PATHS = (
					"$(inherited)",
					"$(PROJECT_DIR)/IJKPlayer/IJK播放器",
				);
				INFOPLIST_FILE = IJKPlayer/Info.plist;
				LD_RUNPATH_SEARCH_PATHS = "$(inherited) @executable_path/Frameworks";
				PRODUCT_BUNDLE_IDENTIFIER = g.IJKPlayer;
				PRODUCT_NAME = "$(TARGET_NAME)";
			};
			name = Release;
		};
/* End XCBuildConfiguration section */

/* Begin XCConfigurationList section */
		962C45931EFBAF30003C3D4E /* Build configuration list for PBXProject "IJKPlayer" */ = {
			isa = XCConfigurationList;
			buildConfigurations = (
				962C45AD1EFBAF30003C3D4E /* Debug */,
				962C45AE1EFBAF30003C3D4E /* Release */,
			);
			defaultConfigurationIsVisible = 0;
			defaultConfigurationName = Release;
		};
		962C45AF1EFBAF30003C3D4E /* Build configuration list for PBXNativeTarget "IJKPlayer" */ = {
			isa = XCConfigurationList;
			buildConfigurations = (
				962C45B01EFBAF30003C3D4E /* Debug */,
				962C45B11EFBAF30003C3D4E /* Release */,
			);
			defaultConfigurationIsVisible = 0;
			defaultConfigurationName = Release;
		};
/* End XCConfigurationList section */
	};
	rootObject = 962C45901EFBAF30003C3D4E /* Project object */;
}
